// !$*UTF8*$!
{
	archiveVersion = 1;
	classes = {
	};
	objectVersion = 46;
	objects = {

/* Begin PBXBuildFile section */
		188354A61CFAA3C60078359F /* main.m in Sources */ = {isa = PBXBuildFile; fileRef = 188354A51CFAA3C60078359F /* main.m */; };
		188354A91CFAA3C60078359F /* AppDelegate.m in Sources */ = {isa = PBXBuildFile; fileRef = 188354A81CFAA3C60078359F /* AppDelegate.m */; };
		188354AC1CFAA3C60078359F /* ViewController.m in Sources */ = {isa = PBXBuildFile; fileRef = 188354AB1CFAA3C60078359F /* ViewController.m */; };
		188354AF1CFAA3C60078359F /* Main.storyboard in Resources */ = {isa = PBXBuildFile; fileRef = 188354AD1CFAA3C60078359F /* Main.storyboard */; };
		188354B11CFAA3C60078359F /* Assets.xcassets in Resources */ = {isa = PBXBuildFile; fileRef = 188354B01CFAA3C60078359F /* Assets.xcassets */; };
		188354B41CFAA3C60078359F /* LaunchScreen.storyboard in Resources */ = {isa = PBXBuildFile; fileRef = 188354B21CFAA3C60078359F /* LaunchScreen.storyboard */; };
		188354BF1CFAA3C60078359F /* ZZCacheUITests.m in Sources */ = {isa = PBXBuildFile; fileRef = 188354BE1CFAA3C60078359F /* ZZCacheUITests.m */; };
		188354CC1CFAA4240078359F /* ZZCache.m in Sources */ = {isa = PBXBuildFile; fileRef = 188354CB1CFAA4240078359F /* ZZCache.m */; };
		188354CF1CFAA6240078359F /* ZZDiskCache.m in Sources */ = {isa = PBXBuildFile; fileRef = 188354CE1CFAA6240078359F /* ZZDiskCache.m */; };
		188354D21CFAA6430078359F /* ZZMemoryCache.m in Sources */ = {isa = PBXBuildFile; fileRef = 188354D11CFAA6430078359F /* ZZMemoryCache.m */; };
/* End PBXBuildFile section */

/* Begin PBXContainerItemProxy section */
		188354BB1CFAA3C60078359F /* PBXContainerItemProxy */ = {
			isa = PBXContainerItemProxy;
			containerPortal = 188354991CFAA3C60078359F /* Project object */;
			proxyType = 1;
			remoteGlobalIDString = 188354A01CFAA3C60078359F;
			remoteInfo = ZZCache;
		};
/* End PBXContainerItemProxy section */

/* Begin PBXFileReference section */
		188354A11CFAA3C60078359F /* ZZCache.app */ = {isa = PBXFileReference; explicitFileType = wrapper.application; includeInIndex = 0; path = ZZCache.app; sourceTree = BUILT_PRODUCTS_DIR; };
		188354A51CFAA3C60078359F /* main.m */ = {isa = PBXFileReference; lastKnownFileType = sourcecode.c.objc; path = main.m; sourceTree = "<group>"; };
		188354A71CFAA3C60078359F /* AppDelegate.h */ = {isa = PBXFileReference; lastKnownFileType = sourcecode.c.h; path = AppDelegate.h; sourceTree = "<group>"; };
		188354A81CFAA3C60078359F /* AppDelegate.m */ = {isa = PBXFileReference; lastKnownFileType = sourcecode.c.objc; path = AppDelegate.m; sourceTree = "<group>"; };
		188354AA1CFAA3C60078359F /* ViewController.h */ = {isa = PBXFileReference; lastKnownFileType = sourcecode.c.h; path = ViewController.h; sourceTree = "<group>"; };
		188354AB1CFAA3C60078359F /* ViewController.m */ = {isa = PBXFileReference; lastKnownFileType = sourcecode.c.objc; path = ViewController.m; sourceTree = "<group>"; };
		188354AE1CFAA3C60078359F /* Base */ = {isa = PBXFileReference; lastKnownFileType = file.storyboard; name = Base; path = Base.lproj/Main.storyboard; sourceTree = "<group>"; };
		188354B01CFAA3C60078359F /* Assets.xcassets */ = {isa = PBXFileReference; lastKnownFileType = folder.assetcatalog; path = Assets.xcassets; sourceTree = "<group>"; };
		188354B31CFAA3C60078359F /* Base */ = {isa = PBXFileReference; lastKnownFileType = file.storyboard; name = Base; path = Base.lproj/LaunchScreen.storyboard; sourceTree = "<group>"; };
		188354B51CFAA3C60078359F /* Info.plist */ = {isa = PBXFileReference; lastKnownFileType = text.plist.xml; path = Info.plist; sourceTree = "<group>"; };
		188354BA1CFAA3C60078359F /* ZZCacheUITests.xctest */ = {isa = PBXFileReference; explicitFileType = wrapper.cfbundle; includeInIndex = 0; path = ZZCacheUITests.xctest; sourceTree = BUILT_PRODUCTS_DIR; };
		188354BE1CFAA3C60078359F /* ZZCacheUITests.m */ = {isa = PBXFileReference; lastKnownFileType = sourcecode.c.objc; path = ZZCacheUITests.m; sourceTree = "<group>"; };
		188354C01CFAA3C60078359F /* Info.plist */ = {isa = PBXFileReference; lastKnownFileType = text.plist.xml; path = Info.plist; sourceTree = "<group>"; };
		188354CA1CFAA4240078359F /* ZZCache.h */ = {isa = PBXFileReference; fileEncoding = 4; lastKnownFileType = sourcecode.c.h; path = ZZCache.h; sourceTree = "<group>"; };
		188354CB1CFAA4240078359F /* ZZCache.m */ = {isa = PBXFileReference; fileEncoding = 4; lastKnownFileType = sourcecode.c.objc; path = ZZCache.m; sourceTree = "<group>"; };
		188354CD1CFAA6240078359F /* ZZDiskCache.h */ = {isa = PBXFileReference; fileEncoding = 4; lastKnownFileType = sourcecode.c.h; path = ZZDiskCache.h; sourceTree = "<group>"; };
		188354CE1CFAA6240078359F /* ZZDiskCache.m */ = {isa = PBXFileReference; fileEncoding = 4; lastKnownFileType = sourcecode.c.objc; path = ZZDiskCache.m; sourceTree = "<group>"; };
		188354D01CFAA6430078359F /* ZZMemoryCache.h */ = {isa = PBXFileReference; fileEncoding = 4; lastKnownFileType = sourcecode.c.h; path = ZZMemoryCache.h; sourceTree = "<group>"; };
		188354D11CFAA6430078359F /* ZZMemoryCache.m */ = {isa = PBXFileReference; fileEncoding = 4; lastKnownFileType = sourcecode.c.objc; path = ZZMemoryCache.m; sourceTree = "<group>"; };
		188354D31CFAD4C10078359F /* ZZCacheBackgroundTaskManager.h */ = {isa = PBXFileReference; fileEncoding = 4; lastKnownFileType = sourcecode.c.h; path = ZZCacheBackgroundTaskManager.h; sourceTree = "<group>"; };
/* End PBXFileReference section */

/* Begin PBXFrameworksBuildPhase section */
		1883549E1CFAA3C60078359F /* Frameworks */ = {
			isa = PBXFrameworksBuildPhase;
			buildActionMask = 2147483647;
			files = (
			);
			runOnlyForDeploymentPostprocessing = 0;
		};
		188354B71CFAA3C60078359F /* Frameworks */ = {
			isa = PBXFrameworksBuildPhase;
			buildActionMask = 2147483647;
			files = (
			);
			runOnlyForDeploymentPostprocessing = 0;
		};
/* End PBXFrameworksBuildPhase section */

/* Begin PBXGroup section */
		188354981CFAA3C60078359F = {
			isa = PBXGroup;
			children = (
				188354A31CFAA3C60078359F /* ZZCache */,
				188354BD1CFAA3C60078359F /* ZZCacheUITests */,
				188354A21CFAA3C60078359F /* Products */,
			);
			sourceTree = "<group>";
		};
		188354A21CFAA3C60078359F /* Products */ = {
			isa = PBXGroup;
			children = (
				188354A11CFAA3C60078359F /* ZZCache.app */,
				188354BA1CFAA3C60078359F /* ZZCacheUITests.xctest */,
			);
			name = Products;
			sourceTree = "<group>";
		};
		188354A31CFAA3C60078359F /* ZZCache */ = {
			isa = PBXGroup;
			children = (
				188354C91CFAA3E40078359F /* ZZCache */,
				188354A71CFAA3C60078359F /* AppDelegate.h */,
				188354A81CFAA3C60078359F /* AppDelegate.m */,
				188354AA1CFAA3C60078359F /* ViewController.h */,
				188354AB1CFAA3C60078359F /* ViewController.m */,
				188354AD1CFAA3C60078359F /* Main.storyboard */,
				188354B01CFAA3C60078359F /* Assets.xcassets */,
				188354B21CFAA3C60078359F /* LaunchScreen.storyboard */,
				188354B51CFAA3C60078359F /* Info.plist */,
				188354A41CFAA3C60078359F /* Supporting Files */,
			);
			path = ZZCache;
			sourceTree = "<group>";
		};
		188354A41CFAA3C60078359F /* Supporting Files */ = {
			isa = PBXGroup;
			children = (
				188354A51CFAA3C60078359F /* main.m */,
			);
			name = "Supporting Files";
			sourceTree = "<group>";
		};
		188354BD1CFAA3C60078359F /* ZZCacheUITests */ = {
			isa = PBXGroup;
			children = (
				188354BE1CFAA3C60078359F /* ZZCacheUITests.m */,
				188354C01CFAA3C60078359F /* Info.plist */,
			);
			path = ZZCacheUITests;
			sourceTree = "<group>";
		};
		188354C91CFAA3E40078359F /* ZZCache */ = {
			isa = PBXGroup;
			children = (
				188354CA1CFAA4240078359F /* ZZCache.h */,
				188354CB1CFAA4240078359F /* ZZCache.m */,
				188354CD1CFAA6240078359F /* ZZDiskCache.h */,
				188354CE1CFAA6240078359F /* ZZDiskCache.m */,
				188354D01CFAA6430078359F /* ZZMemoryCache.h */,
				188354D11CFAA6430078359F /* ZZMemoryCache.m */,
				188354D31CFAD4C10078359F /* ZZCacheBackgroundTaskManager.h */,
			);
			path = ZZCache;
			sourceTree = "<group>";
		};
/* End PBXGroup section */

/* Begin PBXNativeTarget section */
		188354A01CFAA3C60078359F /* ZZCache */ = {
			isa = PBXNativeTarget;
			buildConfigurationList = 188354C31CFAA3C60078359F /* Build configuration list for PBXNativeTarget "ZZCache" */;
			buildPhases = (
				1883549D1CFAA3C60078359F /* Sources */,
				1883549E1CFAA3C60078359F /* Frameworks */,
				1883549F1CFAA3C60078359F /* Resources */,
			);
			buildRules = (
			);
			dependencies = (
			);
			name = ZZCache;
			productName = ZZCache;
			productReference = 188354A11CFAA3C60078359F /* ZZCache.app */;
			productType = "com.apple.product-type.application";
		};
		188354B91CFAA3C60078359F /* ZZCacheUITests */ = {
			isa = PBXNativeTarget;
			buildConfigurationList = 188354C61CFAA3C60078359F /* Build configuration list for PBXNativeTarget "ZZCacheUITests" */;
			buildPhases = (
				188354B61CFAA3C60078359F /* Sources */,
				188354B71CFAA3C60078359F /* Frameworks */,
				188354B81CFAA3C60078359F /* Resources */,
			);
			buildRules = (
			);
			dependencies = (
				188354BC1CFAA3C60078359F /* PBXTargetDependency */,
			);
			name = ZZCacheUITests;
			productName = ZZCacheUITests;
			productReference = 188354BA1CFAA3C60078359F /* ZZCacheUITests.xctest */;
			productType = "com.apple.product-type.bundle.ui-testing";
		};
/* End PBXNativeTarget section */

/* Begin PBXProject section */
		188354991CFAA3C60078359F /* Project object */ = {
			isa = PBXProject;
			attributes = {
				LastUpgradeCheck = 0730;
				ORGANIZATIONNAME = EXComing;
				TargetAttributes = {
					188354A01CFAA3C60078359F = {
						CreatedOnToolsVersion = 7.3.1;
					};
					188354B91CFAA3C60078359F = {
						CreatedOnToolsVersion = 7.3.1;
						TestTargetID = 188354A01CFAA3C60078359F;
					};
				};
			};
			buildConfigurationList = 1883549C1CFAA3C60078359F /* Build configuration list for PBXProject "ZZCache" */;
			compatibilityVersion = "Xcode 3.2";
			developmentRegion = English;
			hasScannedForEncodings = 0;
			knownRegions = (
				en,
				Base,
			);
			mainGroup = 188354981CFAA3C60078359F;
			productRefGroup = 188354A21CFAA3C60078359F /* Products */;
			projectDirPath = "";
			projectRoot = "";
			targets = (
				188354A01CFAA3C60078359F /* ZZCache */,
				188354B91CFAA3C60078359F /* ZZCacheUITests */,
			);
		};
/* End PBXProject section */

/* Begin PBXResourcesBuildPhase section */
		1883549F1CFAA3C60078359F /* Resources */ = {
			isa = PBXResourcesBuildPhase;
			buildActionMask = 2147483647;
			files = (
				188354B41CFAA3C60078359F /* LaunchScreen.storyboard in Resources */,
				188354B11CFAA3C60078359F /* Assets.xcassets in Resources */,
				188354AF1CFAA3C60078359F /* Main.storyboard in Resources */,
			);
			runOnlyForDeploymentPostprocessing = 0;
		};
		188354B81CFAA3C60078359F /* Resources */ = {
			isa = PBXResourcesBuildPhase;
			buildActionMask = 2147483647;
			files = (
			);
			runOnlyForDeploymentPostprocessing = 0;
		};
/* End PBXResourcesBuildPhase section */

/* Begin PBXSourcesBuildPhase section */
		1883549D1CFAA3C60078359F /* Sources */ = {
			isa = PBXSourcesBuildPhase;
			buildActionMask = 2147483647;
			files = (
				188354CC1CFAA4240078359F /* ZZCache.m in Sources */,
				188354AC1CFAA3C60078359F /* ViewController.m in Sources */,
				188354A91CFAA3C60078359F /* AppDelegate.m in Sources */,
				188354A61CFAA3C60078359F /* main.m in Sources */,
				188354CF1CFAA6240078359F /* ZZDiskCache.m in Sources */,
				188354D21CFAA6430078359F /* ZZMemoryCache.m in Sources */,
			);
			runOnlyForDeploymentPostprocessing = 0;
		};
		188354B61CFAA3C60078359F /* Sources */ = {
			isa = PBXSourcesBuildPhase;
			buildActionMask = 2147483647;
			files = (
				188354BF1CFAA3C60078359F /* ZZCacheUITests.m in Sources */,
			);
			runOnlyForDeploymentPostprocessing = 0;
		};
/* End PBXSourcesBuildPhase section */

/* Begin PBXTargetDependency section */
		188354BC1CFAA3C60078359F /* PBXTargetDependency */ = {
			isa = PBXTargetDependency;
			target = 188354A01CFAA3C60078359F /* ZZCache */;
			targetProxy = 188354BB1CFAA3C60078359F /* PBXContainerItemProxy */;
		};
/* End PBXTargetDependency section */

/* Begin PBXVariantGroup section */
		188354AD1CFAA3C60078359F /* Main.storyboard */ = {
			isa = PBXVariantGroup;
			children = (
				188354AE1CFAA3C60078359F /* Base */,
			);
			name = Main.storyboard;
			sourceTree = "<group>";
		};
		188354B21CFAA3C60078359F /* LaunchScreen.storyboard */ = {
			isa = PBXVariantGroup;
			children = (
				188354B31CFAA3C60078359F /* Base */,
			);
			name = LaunchScreen.storyboard;
			sourceTree = "<group>";
		};
/* End PBXVariantGroup section */

/* Begin XCBuildConfiguration section */
		188354C11CFAA3C60078359F /* Debug */ = {
			isa = XCBuildConfiguration;
			buildSettings = {
				ALWAYS_SEARCH_USER_PATHS = NO;
				CLANG_ANALYZER_NONNULL = YES;
				CLANG_CXX_LANGUAGE_STANDARD = "gnu++0x";
				CLANG_CXX_LIBRARY = "libc++";
				CLANG_ENABLE_MODULES = YES;
				CLANG_ENABLE_OBJC_ARC = YES;
				CLANG_WARN_BOOL_CONVERSION = YES;
				CLANG_WARN_CONSTANT_CONVERSION = YES;
				CLANG_WARN_DIRECT_OBJC_ISA_USAGE = YES_ERROR;
				CLANG_WARN_EMPTY_BODY = YES;
				CLANG_WARN_ENUM_CONVERSION = YES;
				CLANG_WARN_INT_CONVERSION = YES;
				CLANG_WARN_OBJC_ROOT_CLASS = YES_ERROR;
				CLANG_WARN_UNREACHABLE_CODE = YES;
				CLANG_WARN__DUPLICATE_METHOD_MATCH = YES;
				"CODE_SIGN_IDENTITY[sdk=iphoneos*]" = "iPhone Developer";
				COPY_PHASE_STRIP = NO;
				DEBUG_INFORMATION_FORMAT = dwarf;
				ENABLE_STRICT_OBJC_MSGSEND = YES;
				ENABLE_TESTABILITY = YES;
				GCC_C_LANGUAGE_STANDARD = gnu99;
				GCC_DYNAMIC_NO_PIC = NO;
				GCC_NO_COMMON_BLOCKS = YES;
				GCC_OPTIMIZATION_LEVEL = 0;
				GCC_PREPROCESSOR_DEFINITIONS = (
					"DEBUG=1",
					"$(inherited)",
				);
				GCC_WARN_64_TO_32_BIT_CONVERSION = YES;
				GCC_WARN_ABOUT_RETURN_TYPE = YES_ERROR;
				GCC_WARN_UNDECLARED_SELECTOR = YES;
				GCC_WARN_UNINITIALIZED_AUTOS = YES_AGGRESSIVE;
				GCC_WARN_UNUSED_FUNCTION = YES;
				GCC_WARN_UNUSED_VARIABLE = YES;
				IPHONEOS_DEPLOYMENT_TARGET = 9.3;
				MTL_ENABLE_DEBUG_INFO = YES;
				ONLY_ACTIVE_ARCH = YES;
				SDKROOT = iphoneos;
			};
			name = Debug;
		};
		188354C21CFAA3C60078359F /* Release */ = {
			isa = XCBuildConfiguration;
			buildSettings = {
				ALWAYS_SEARCH_USER_PATHS = NO;
				CLANG_ANALYZER_NONNULL = YES;
				CLANG_CXX_LANGUAGE_STANDARD = "gnu++0x";
				CLANG_CXX_LIBRARY = "libc++";
				CLANG_ENABLE_MODULES = YES;
				CLANG_ENABLE_OBJC_ARC = YES;
				CLANG_WARN_BOOL_CONVERSION = YES;
				CLANG_WARN_CONSTANT_CONVERSION = YES;
				CLANG_WARN_DIRECT_OBJC_ISA_USAGE = YES_ERROR;
				CLANG_WARN_EMPTY_BODY = YES;
				CLANG_WARN_ENUM_CONVERSION = YES;
				CLANG_WARN_INT_CONVERSION = YES;
				CLANG_WARN_OBJC_ROOT_CLASS = YES_ERROR;
				CLANG_WARN_UNREACHABLE_CODE = YES;
				CLANG_WARN__DUPLICATE_METHOD_MATCH = YES;
				"CODE_SIGN_IDENTITY[sdk=iphoneos*]" = "iPhone Developer";
				COPY_PHASE_STRIP = NO;
				DEBUG_INFORMATION_FORMAT = "dwarf-with-dsym";
				ENABLE_NS_ASSERTIONS = NO;
				ENABLE_STRICT_OBJC_MSGSEND = YES;
				GCC_C_LANGUAGE_STANDARD = gnu99;
				GCC_NO_COMMON_BLOCKS = YES;
				GCC_WARN_64_TO_32_BIT_CONVERSION = YES;
				GCC_WARN_ABOUT_RETURN_TYPE = YES_ERROR;
				GCC_WARN_UNDECLARED_SELECTOR = YES;
				GCC_WARN_UNINITIALIZED_AUTOS = YES_AGGRESSIVE;
				GCC_WARN_UNUSED_FUNCTION = YES;
				GCC_WARN_UNUSED_VARIABLE = YES;
				IPHONEOS_DEPLOYMENT_TARGET = 9.3;
				MTL_ENABLE_DEBUG_INFO = NO;
				SDKROOT = iphoneos;
				VALIDATE_PRODUCT = YES;
			};
			name = Release;
		};
		188354C41CFAA3C60078359F /* Debug */ = {
			isa = XCBuildConfiguration;
			buildSettings = {
				ASSETCATALOG_COMPILER_APPICON_NAME = AppIcon;
				INFOPLIST_FILE = ZZCache/Info.plist;
				LD_RUNPATH_SEARCH_PATHS = "$(inherited) @executable_path/Frameworks";
				PRODUCT_BUNDLE_IDENTIFIER = com.excoming.ZZCache;
				PRODUCT_NAME = "$(TARGET_NAME)";
			};
			name = Debug;
		};
		188354C51CFAA3C60078359F /* Release */ = {
			isa = XCBuildConfiguration;
			buildSettings = {
				ASSETCATALOG_COMPILER_APPICON_NAME = AppIcon;
				INFOPLIST_FILE = ZZCache/Info.plist;
				LD_RUNPATH_SEARCH_PATHS = "$(inherited) @executable_path/Frameworks";
				PRODUCT_BUNDLE_IDENTIFIER = com.excoming.ZZCache;
				PRODUCT_NAME = "$(TARGET_NAME)";
			};
			name = Release;
		};
		188354C71CFAA3C60078359F /* Debug */ = {
			isa = XCBuildConfiguration;
			buildSettings = {
				INFOPLIST_FILE = ZZCacheUITests/Info.plist;
				LD_RUNPATH_SEARCH_PATHS = "$(inherited) @executable_path/Frameworks @loader_path/Frameworks";
				PRODUCT_BUNDLE_IDENTIFIER = com.excoming.ZZCacheUITests;
				PRODUCT_NAME = "$(TARGET_NAME)";
				TEST_TARGET_NAME = ZZCache;
			};
			name = Debug;
		};
		188354C81CFAA3C60078359F /* Release */ = {
			isa = XCBuildConfiguration;
			buildSettings = {
				INFOPLIST_FILE = ZZCacheUITests/Info.plist;
				LD_RUNPATH_SEARCH_PATHS = "$(inherited) @executable_path/Frameworks @loader_path/Frameworks";
				PRODUCT_BUNDLE_IDENTIFIER = com.excoming.ZZCacheUITests;
				PRODUCT_NAME = "$(TARGET_NAME)";
				TEST_TARGET_NAME = ZZCache;
			};
			name = Release;
		};
/* End XCBuildConfiguration section */

/* Begin XCConfigurationList section */
		1883549C1CFAA3C60078359F /* Build configuration list for PBXProject "ZZCache" */ = {
			isa = XCConfigurationList;
			buildConfigurations = (
				188354C11CFAA3C60078359F /* Debug */,
				188354C21CFAA3C60078359F /* Release */,
			);
			defaultConfigurationIsVisible = 0;
			defaultConfigurationName = Release;
		};
		188354C31CFAA3C60078359F /* Build configuration list for PBXNativeTarget "ZZCache" */ = {
			isa = XCConfigurationList;
			buildConfigurations = (
				188354C41CFAA3C60078359F /* Debug */,
				188354C51CFAA3C60078359F /* Release */,
			);
			defaultConfigurationIsVisible = 0;
		};
		188354C61CFAA3C60078359F /* Build configuration list for PBXNativeTarget "ZZCacheUITests" */ = {
			isa = XCConfigurationList;
			buildConfigurations = (
				188354C71CFAA3C60078359F /* Debug */,
				188354C81CFAA3C60078359F /* Release */,
			);
			defaultConfigurationIsVisible = 0;
		};
/* End XCConfigurationList section */
	};
	rootObject = 188354991CFAA3C60078359F /* Project object */;
}
